
Microsoft Visual Studio Solution File, Format Version 12.00
# Visual Studio Version 16
VisualStudioVersion = 16.0.30114.105
MinimumVisualStudioVersion = 10.0.40219.1
Project("{2150E333-8FDC-42A3-9474-1A3956D46DE8}") = "src", "src", "{A2C18DC4-6E89-4C84-822D-9E53C0F378BE}"
EndProject
Project("{FAE04EC0-301F-11D3-BF4B-00C04F79EFBC}") = "IdentityServer", "src\IdentityServer\IdentityServer.csproj", "{AC2E4DC1-FD1C-4328-8834-9B7BE66628B9}"
EndProject
Project("{FAE04EC0-301F-11D3-BF4B-00C04F79EFBC}") = "Api", "src\Api\Api.csproj", "{F7FAB758-7C96-4FFF-B5E0-F113DEA72E40}"
EndProject
Project("{FAE04EC0-301F-11D3-BF4B-00C04F79EFBC}") = "Client", "src\Client\Client.csproj", "{2F7936B2-E964-4053-B064-9BD8FC4F4DBA}"
EndProject
Global
	GlobalSection(SolutionConfigurationPlatforms) = preSolution
		Debug|Any CPU = Debug|Any CPU
		Debug|x64 = Debug|x64
		Debug|x86 = Debug|x86
		Release|Any CPU = Release|Any CPU
		Release|x64 = Release|x64
		Release|x86 = Release|x86
	EndGlobalSection
	GlobalSection(SolutionProperties) = preSolution
		HideSolutionNode = FALSE
	EndGlobalSection
	GlobalSection(ProjectConfigurationPlatforms) = postSolution
		{AC2E4DC1-FD1C-4328-8834-9B7BE66628B9}.Debug|Any CPU.ActiveCfg = Debug|Any CPU
		{AC2E4DC1-FD1C-4328-8834-9B7BE66628B9}.Debug|Any CPU.Build.0 = Debug|Any CPU
		{AC2E4DC1-FD1C-4328-8834-9B7BE66628B9}.Debug|x64.ActiveCfg = Debug|Any CPU
		{AC2E4DC1-FD1C-4328-8834-9B7BE66628B9}.Debug|x64.Build.0 = Debug|Any CPU
		{AC2E4DC1-FD1C-4328-8834-9B7BE66628B9}.Debug|x86.ActiveCfg = Debug|Any CPU
		{AC2E4DC1-FD1C-4328-8834-9B7BE66628B9}.Debug|x86.Build.0 = Debug|Any CPU
		{AC2E4DC1-FD1C-4328-8834-9B7BE66628B9}.Release|Any CPU.ActiveCfg = Release|Any CPU
		{AC2E4DC1-FD1C-4328-8834-9B7BE66628B9}.Release|Any CPU.Build.0 = Release|Any CPU
		{AC2E4DC1-FD1C-4328-8834-9B7BE66628B9}.Release|x64.ActiveCfg = Release|Any CPU
		{AC2E4DC1-FD1C-4328-8834-9B7BE66628B9}.Release|x64.Build.0 = Release|Any CPU
		{AC2E4DC1-FD1C-4328-8834-9B7BE66628B9}.Release|x86.ActiveCfg = Release|Any CPU
		{AC2E4DC1-FD1C-4328-8834-9B7BE66628B9}.Release|x86.Build.0 = Release|Any CPU
		{F7FAB758-7C96-4FFF-B5E0-F113DEA72E40}.Debug|Any CPU.ActiveCfg = Debug|Any CPU
		{F7FAB758-7C96-4FFF-B5E0-F113DEA72E40}.Debug|Any CPU.Build.0 = Debug|Any CPU
		{F7FAB758-7C96-4FFF-B5E0-F113DEA72E40}.Debug|x64.ActiveCfg = Debug|Any CPU
		{F7FAB758-7C96-4FFF-B5E0-F113DEA72E40}.Debug|x64.Build.0 = Debug|Any CPU
		{F7FAB758-7C96-4FFF-B5E0-F113DEA72E40}.Debug|x86.ActiveCfg = Debug|Any CPU
		{F7FAB758-7C96-4FFF-B5E0-F113DEA72E40}.Debug|x86.Build.0 = Debug|Any CPU
		{F7FAB758-7C96-4FFF-B5E0-F113DEA72E40}.Release|Any CPU.ActiveCfg = Release|Any CPU
		{F7FAB758-7C96-4FFF-B5E0-F113DEA72E40}.Release|Any CPU.Build.0 = Release|Any CPU
		{F7FAB758-7C96-4FFF-B5E0-F113DEA72E40}.Release|x64.ActiveCfg = Release|Any CPU
		{F7FAB758-7C96-4FFF-B5E0-F113DEA72E40}.Release|x64.Build.0 = Release|Any CPU
		{F7FAB758-7C96-4FFF-B5E0-F113DEA72E40}.Release|x86.ActiveCfg = Release|Any CPU
		{F7FAB758-7C96-4FFF-B5E0-F113DEA72E40}.Release|x86.Build.0 = Release|Any CPU
		{2F7936B2-E964-4053-B064-9BD8FC4F4DBA}.Debug|Any CPU.ActiveCfg = Debug|Any CPU
		{2F7936B2-E964-4053-B064-9BD8FC4F4DBA}.Debug|Any CPU.Build.0 = Debug|Any CPU
		{2F7936B2-E964-4053-B064-9BD8FC4F4DBA}.Debug|x64.ActiveCfg = Debug|Any CPU
		{2F7936B2-E964-4053-B064-9BD8FC4F4DBA}.Debug|x64.Build.0 = Debug|Any CPU
		{2F7936B2-E964-4053-B064-9BD8FC4F4DBA}.Debug|x86.ActiveCfg = Debug|Any CPU
		{2F7936B2-E964-4053-B064-9BD8FC4F4DBA}.Debug|x86.Build.0 = Debug|Any CPU
		{2F7936B2-E964-4053-B064-9BD8FC4F4DBA}.Release|Any CPU.ActiveCfg = Release|Any CPU
		{2F7936B2-E964-4053-B064-9BD8FC4F4DBA}.Release|Any CPU.Build.0 = Release|Any CPU
		{2F7936B2-E964-4053-B064-9BD8FC4F4DBA}.Release|x64.ActiveCfg = Release|Any CPU
		{2F7936B2-E964-4053-B064-9BD8FC4F4DBA}.Release|x64.Build.0 = Release|Any CPU
		{2F7936B2-E964-4053-B064-9BD8FC4F4DBA}.Release|x86.ActiveCfg = Release|Any CPU
		{2F7936B2-E964-4053-B064-9BD8FC4F4DBA}.Release|x86.Build.0 = Release|Any CPU
	EndGlobalSection
	GlobalSection(NestedProjects) = preSolution
		{AC2E4DC1-FD1C-4328-8834-9B7BE66628B9} = {A2C18DC4-6E89-4C84-822D-9E53C0F378BE}
		{F7FAB758-7C96-4FFF-B5E0-F113DEA72E40} = {A2C18DC4-6E89-4C84-822D-9E53C0F378BE}
		{2F7936B2-E964-4053-B064-9BD8FC4F4DBA} = {A2C18DC4-6E89-4C84-822D-9E53C0F378BE}
	EndGlobalSection
EndGlobal
